<?xml version="1.0" encoding="utf-8"?>
<Project ToolsVersion="4.0" xmlns="http://schemas.microsoft.com/developer/msbuild/2003">
  <ItemGroup>
    <ClCompile Include="AIControlSystem.cpp" />
    <ClCompile Include="Application.cpp" />
    <ClCompile Include="AudioManager.cpp" />
    <ClCompile Include="BoatComponent.cpp" />
    <ClCompile Include="Button.cpp" />
    <ClCompile Include="Client.cpp" />
    <ClCompile Include="Constants.cpp" />
    <ClCompile Include="ContentLoader.cpp" />
    <ClCompile Include="Entity.cpp" />
    <ClCompile Include="GameOverScene.cpp" />
    <ClCompile Include="GameScene.cpp" />
    <ClCompile Include="HierarchyMenu.cpp" />
    <ClCompile Include="InputHandler.cpp" />
    <ClCompile Include="JsonLoader.cpp" />
    <ClCompile Include="LTimer.cpp" />
    <ClCompile Include="MultiplayerScene.cpp" />
    <ClCompile Include="NPCBoatsSystem.h" />
    <ClCompile Include="PacketData.cpp" />
    <ClCompile Include="ParticleManager.cpp" />
    <ClCompile Include="ParticleObj.cpp" />
    <ClCompile Include="PathFinder.cpp" />
    <ClCompile Include="Scene.cpp" />
    <ClCompile Include="SceneManager.cpp" />
    <ClCompile Include="SDL.cpp" />
    <ClCompile Include="Shape.cpp" />
    <ClCompile Include="stdafx.cpp" />
    <ClCompile Include="ThreadPool.cpp" />
    <ClCompile Include="TitleScene.cpp" />
    <ClCompile Include="WheelStationComponent.cpp" />
    <ClCompile Include="WinScene.cpp" />
    <ClCompile Include="LoseScene.cpp" />
    <ClCompile Include="NetworkSystem.cpp" />
  </ItemGroup>
  <ItemGroup>
    <ClInclude Include="AIControlComponent.h" />
    <ClInclude Include="AIControlSystem.h" />
    <ClInclude Include="AliveComponent.h" />
    <ClInclude Include="AnimationComponent.h" />
    <ClInclude Include="AnimationSystem.h" />
    <ClInclude Include="Application.h" />
    <ClInclude Include="AudioManager.h" />
    <ClInclude Include="BaseSystem.h" />
    <ClInclude Include="BoatAIComponent.h" />
    <ClInclude Include="BoatAISystem.h" />
    <ClInclude Include="BoatComponent.h" />
    <ClInclude Include="BoatSystem.h" />
    <ClInclude Include="Button.h" />
    <ClInclude Include="CameraComponent.h" />
    <ClInclude Include="CameraSystem.h" />
    <ClInclude Include="CannonBallComponent.h" />
    <ClInclude Include="CannonBallStationComponent.h" />
    <ClInclude Include="CannonBallSystem.h" />
    <ClInclude Include="CannonStationComponent.h" />
    <ClInclude Include="Client.h" />
    <ClInclude Include="CoinBarComponent.h" />
    <ClInclude Include="CoinBarSystem.h" />
    <ClInclude Include="CoinComponent.h" />
    <ClInclude Include="CoinSystem.h" />
    <ClInclude Include="CollisionComponent.h" />
    <ClInclude Include="CollisionSystem.h" />
    <ClInclude Include="Component.h" />
    <ClInclude Include="Constants.h" />
    <ClInclude Include="ContentLoader.h" />
    <ClInclude Include="ControlComponent.h" />
    <ClInclude Include="ControlSystem.h" />
    <ClInclude Include="DummyCannonBallComponent.h" />
    <ClInclude Include="EngineComponent.h" />
    <ClInclude Include="FurnaceStationComponent.h" />
    <ClInclude Include="Entity.h" />
    <ClInclude Include="Event.h" />
    <ClInclude Include="EventHandlerComponent.h" />
    <ClInclude Include="EventHandlerSystem.h" />
    <ClInclude Include="EventListenerComponent.h" />
    <ClInclude Include="EventListenerSystem.h" />
    <ClInclude Include="GameOverScene.h" />
    <ClInclude Include="GameScene.h" />
    <ClInclude Include="EntityAnimationSystem.h" />
    <ClInclude Include="HealthSystem.h" />
    <ClInclude Include="HierarchyMenu.h" />
    <ClInclude Include="InputHandler.h" />
    <ClInclude Include="JsonLoader.h" />
    <ClInclude Include="LTimer.h" />
    <ClInclude Include="MultiplayerScene.h" />
    <ClInclude Include="NetworkComponent.h" />
    <ClInclude Include="NetworkSystem.h" />
    <ClInclude Include="Node.h" />
    <ClInclude Include="NotificationsHolder.h" />
    <ClInclude Include="NPCBoatComponent.h" />
    <ClInclude Include="PacketData.h" />
    <ClInclude Include="ParticleComponent.h" />
    <ClInclude Include="ParticleManager.h" />
    <ClInclude Include="ParticleObj.h" />
    <ClInclude Include="ParticleSystem.h" />
    <ClInclude Include="PathFinder.h" />
    <ClInclude Include="PlayerInteractionComponent.h" />
    <ClInclude Include="NotificationComponent.h" />
    <ClInclude Include="PositionComponent.h" />
    <ClInclude Include="PhysicsSystem.h" />
    <ClInclude Include="RemotePlayerComponent.h" />
    <ClInclude Include="RenderSystem.h" />
    <ClInclude Include="RudderStation.h" />
    <ClInclude Include="Scene.h" />
    <ClInclude Include="Identifiers.h" />
    <ClInclude Include="SceneManager.h" />
    <ClInclude Include="Shape.h" />
    <ClInclude Include="Snapshot.h" />
    <ClInclude Include="SpriteComponent.h" />
    <ClInclude Include="StationComponent.h" />
    <ClInclude Include="StationsSystem.h" />
    <ClInclude Include="stdafx.h" />
    <ClInclude Include="targetver.h" />
    <ClInclude Include="ThreadPool.h" />
    <ClInclude Include="TileComponent.h" />
    <ClInclude Include="TitleScene.h" />
    <ClInclude Include="Vector2.h" />
    <ClInclude Include="WheelStationComponent.h" />
    <ClInclude Include="WorldCollisionSystem.h" />
    <ClInclude Include="WorldRenderableComponent.h" />
    <ClInclude Include="VelocityComponent.h" />
    <ClInclude Include="LoadedCannonBallComponent.h" />
    <ClInclude Include="WinScene.h" />
    <ClInclude Include="LoseScene.h" />
  </ItemGroup>
  <ItemGroup>
    <None Include="assets\GameWorld.json" />
    <None Include="assets\shipTiles.json" />
    <None Include="assets\coins.json" />
  </ItemGroup>
  <ItemGroup>
    <Text Include="ReadMe.txt" />
  </ItemGroup>
</Project>